
Microsoft Visual Studio Solution File, Format Version 12.00
# Visual Studio 15
VisualStudioVersion = 15.0.28307.852
MinimumVisualStudioVersion = 10.0.40219.1
Project("{FAE04EC0-301F-11D3-BF4B-00C04F79EFBC}") = "Daily Bugle", "Daily Bugle\Daily Bugle.csproj", "{51553421-8B72-4D59-A4EA-8246EEF0EEF6}"
EndProject
Global
	GlobalSection(SolutionConfigurationPlatforms) = preSolution
		Debug|Any CPU = Debug|Any CPU
		Release|Any CPU = Release|Any CPU
	EndGlobalSection
	GlobalSection(ProjectConfigurationPlatforms) = postSolution
		{51553421-8B72-4D59-A4EA-8246EEF0EEF6}.Debug|Any CPU.ActiveCfg = Debug|Any CPU
		{51553421-8B72-4D59-A4EA-8246EEF0EEF6}.Debug|Any CPU.Build.0 = Debug|Any CPU
		{51553421-8B72-4D59-A4EA-8246EEF0EEF6}.Release|Any CPU.ActiveCfg = Release|Any CPU
		{51553421-8B72-4D59-A4EA-8246EEF0EEF6}.Release|Any CPU.Build.0 = Release|Any CPU
	EndGlobalSection
	GlobalSection(SolutionProperties) = preSolution
		HideSolutionNode = FALSE
	EndGlobalSection
	GlobalSection(ExtensibilityGlobals) = postSolution
		SolutionGuid = {8410D733-7EFA-4173-86A7-A3295E79DB37}
	EndGlobalSection
EndGlobal
